
Microsoft Visual Studio Solution File, Format Version 12.00
# Visual Studio Version 17
VisualStudioVersion = 17.8.34330.188
MinimumVisualStudioVersion = 10.0.40219.1
Project("{2150E333-8FDC-42A3-9474-1A3956D46DE8}") = "doc", "doc", "{1A7C5B2F-3EBC-4114-88BE-8B33383BEF16}"
	ProjectSection(SolutionItems) = preProject
		Clean Architecture.png = Clean Architecture.png
		MySql EF Core.txt = MySql EF Core.txt
	EndProjectSection
EndProject
Project("{2150E333-8FDC-42A3-9474-1A3956D46DE8}") = "src", "src", "{CB692E0F-8D38-4E6C-A7AB-F8F70641250F}"
EndProject
Project("{2150E333-8FDC-42A3-9474-1A3956D46DE8}") = "test", "test", "{92C5572E-E282-481B-B228-CB1B23C606EE}"
EndProject
Project("{2150E333-8FDC-42A3-9474-1A3956D46DE8}") = "Common", "Common", "{AD01E8BB-20E6-42DB-9E80-A0D1E9101E4F}"
EndProject
Project("{2150E333-8FDC-42A3-9474-1A3956D46DE8}") = "Core", "Core", "{45AD5C0C-FFE3-45E7-94DC-324B5F716C3B}"
EndProject
Project("{2150E333-8FDC-42A3-9474-1A3956D46DE8}") = "Infrastructure", "Infrastructure", "{F34B4199-7861-4C9C-9F2F-6689EA9116AB}"
EndProject
Project("{2150E333-8FDC-42A3-9474-1A3956D46DE8}") = "Presentation", "Presentation", "{1D1204C4-E940-41DD-8B30-BBD1626F9819}"
EndProject
Project("{9A19103F-16F7-4668-BE54-9A1E7A4F7556}") = "ME.Application", "ME.Application\ME.Application.csproj", "{D4BB2303-4B42-47CC-AD52-C06C4814D797}"
EndProject
Project("{9A19103F-16F7-4668-BE54-9A1E7A4F7556}") = "ME.Entities", "ME.Entities\ME.Entities.csproj", "{E98D6C93-1B2A-4862-BEA2-BA9648C9F1AA}"
EndProject
Project("{9A19103F-16F7-4668-BE54-9A1E7A4F7556}") = "ME.Infrastructure", "ME.Infrastructure\ME.Infrastructure.csproj", "{29A696E2-3C39-4F2E-8C62-8A3A1FF09E21}"
EndProject
Project("{9A19103F-16F7-4668-BE54-9A1E7A4F7556}") = "ME.DataSource", "ME.DataSource\ME.DataSource.csproj", "{6C086B7F-8D9C-4968-BB63-325A26E5689F}"
EndProject
Project("{9A19103F-16F7-4668-BE54-9A1E7A4F7556}") = "ME.EndPoint.Site", "ME.EndPoint.Site\ME.EndPoint.Site.csproj", "{E54A1D0A-19C8-4583-869A-8B9366E5E365}"
EndProject
Project("{9A19103F-16F7-4668-BE54-9A1E7A4F7556}") = "DOTNET.Common", "..\DOTNET.Common\DOTNET.Common\DOTNET.Common.csproj", "{9B1D3F87-2521-4781-AF5C-0C6A9F8C13E8}"
EndProject
Project("{9A19103F-16F7-4668-BE54-9A1E7A4F7556}") = "ASPNET.Common", "..\ASPNET.Common\ASPNET.Common\ASPNET.Common.csproj", "{FA92AFBF-C3FC-4EB2-9735-2D116E1D4945}"
EndProject
Global
	GlobalSection(SolutionConfigurationPlatforms) = preSolution
		Debug|Any CPU = Debug|Any CPU
		Release|Any CPU = Release|Any CPU
	EndGlobalSection
	GlobalSection(ProjectConfigurationPlatforms) = postSolution
		{D4BB2303-4B42-47CC-AD52-C06C4814D797}.Debug|Any CPU.ActiveCfg = Debug|Any CPU
		{D4BB2303-4B42-47CC-AD52-C06C4814D797}.Debug|Any CPU.Build.0 = Debug|Any CPU
		{D4BB2303-4B42-47CC-AD52-C06C4814D797}.Release|Any CPU.ActiveCfg = Release|Any CPU
		{D4BB2303-4B42-47CC-AD52-C06C4814D797}.Release|Any CPU.Build.0 = Release|Any CPU
		{E98D6C93-1B2A-4862-BEA2-BA9648C9F1AA}.Debug|Any CPU.ActiveCfg = Debug|Any CPU
		{E98D6C93-1B2A-4862-BEA2-BA9648C9F1AA}.Debug|Any CPU.Build.0 = Debug|Any CPU
		{E98D6C93-1B2A-4862-BEA2-BA9648C9F1AA}.Release|Any CPU.ActiveCfg = Release|Any CPU
		{E98D6C93-1B2A-4862-BEA2-BA9648C9F1AA}.Release|Any CPU.Build.0 = Release|Any CPU
		{29A696E2-3C39-4F2E-8C62-8A3A1FF09E21}.Debug|Any CPU.ActiveCfg = Debug|Any CPU
		{29A696E2-3C39-4F2E-8C62-8A3A1FF09E21}.Debug|Any CPU.Build.0 = Debug|Any CPU
		{29A696E2-3C39-4F2E-8C62-8A3A1FF09E21}.Release|Any CPU.ActiveCfg = Release|Any CPU
		{29A696E2-3C39-4F2E-8C62-8A3A1FF09E21}.Release|Any CPU.Build.0 = Release|Any CPU
		{6C086B7F-8D9C-4968-BB63-325A26E5689F}.Debug|Any CPU.ActiveCfg = Debug|Any CPU
		{6C086B7F-8D9C-4968-BB63-325A26E5689F}.Debug|Any CPU.Build.0 = Debug|Any CPU
		{6C086B7F-8D9C-4968-BB63-325A26E5689F}.Release|Any CPU.ActiveCfg = Release|Any CPU
		{6C086B7F-8D9C-4968-BB63-325A26E5689F}.Release|Any CPU.Build.0 = Release|Any CPU
		{E54A1D0A-19C8-4583-869A-8B9366E5E365}.Debug|Any CPU.ActiveCfg = Debug|Any CPU
		{E54A1D0A-19C8-4583-869A-8B9366E5E365}.Debug|Any CPU.Build.0 = Debug|Any CPU
		{E54A1D0A-19C8-4583-869A-8B9366E5E365}.Release|Any CPU.ActiveCfg = Release|Any CPU
		{E54A1D0A-19C8-4583-869A-8B9366E5E365}.Release|Any CPU.Build.0 = Release|Any CPU
		{9B1D3F87-2521-4781-AF5C-0C6A9F8C13E8}.Debug|Any CPU.ActiveCfg = Debug|Any CPU
		{9B1D3F87-2521-4781-AF5C-0C6A9F8C13E8}.Debug|Any CPU.Build.0 = Debug|Any CPU
		{9B1D3F87-2521-4781-AF5C-0C6A9F8C13E8}.Release|Any CPU.ActiveCfg = Release|Any CPU
		{9B1D3F87-2521-4781-AF5C-0C6A9F8C13E8}.Release|Any CPU.Build.0 = Release|Any CPU
		{FA92AFBF-C3FC-4EB2-9735-2D116E1D4945}.Debug|Any CPU.ActiveCfg = Debug|Any CPU
		{FA92AFBF-C3FC-4EB2-9735-2D116E1D4945}.Debug|Any CPU.Build.0 = Debug|Any CPU
		{FA92AFBF-C3FC-4EB2-9735-2D116E1D4945}.Release|Any CPU.ActiveCfg = Release|Any CPU
		{FA92AFBF-C3FC-4EB2-9735-2D116E1D4945}.Release|Any CPU.Build.0 = Release|Any CPU
	EndGlobalSection
	GlobalSection(SolutionProperties) = preSolution
		HideSolutionNode = FALSE
	EndGlobalSection
	GlobalSection(NestedProjects) = preSolution
		{AD01E8BB-20E6-42DB-9E80-A0D1E9101E4F} = {CB692E0F-8D38-4E6C-A7AB-F8F70641250F}
		{45AD5C0C-FFE3-45E7-94DC-324B5F716C3B} = {CB692E0F-8D38-4E6C-A7AB-F8F70641250F}
		{F34B4199-7861-4C9C-9F2F-6689EA9116AB} = {CB692E0F-8D38-4E6C-A7AB-F8F70641250F}
		{1D1204C4-E940-41DD-8B30-BBD1626F9819} = {CB692E0F-8D38-4E6C-A7AB-F8F70641250F}
		{D4BB2303-4B42-47CC-AD52-C06C4814D797} = {45AD5C0C-FFE3-45E7-94DC-324B5F716C3B}
		{E98D6C93-1B2A-4862-BEA2-BA9648C9F1AA} = {45AD5C0C-FFE3-45E7-94DC-324B5F716C3B}
		{29A696E2-3C39-4F2E-8C62-8A3A1FF09E21} = {F34B4199-7861-4C9C-9F2F-6689EA9116AB}
		{6C086B7F-8D9C-4968-BB63-325A26E5689F} = {F34B4199-7861-4C9C-9F2F-6689EA9116AB}
		{E54A1D0A-19C8-4583-869A-8B9366E5E365} = {1D1204C4-E940-41DD-8B30-BBD1626F9819}
		{9B1D3F87-2521-4781-AF5C-0C6A9F8C13E8} = {AD01E8BB-20E6-42DB-9E80-A0D1E9101E4F}
		{FA92AFBF-C3FC-4EB2-9735-2D116E1D4945} = {AD01E8BB-20E6-42DB-9E80-A0D1E9101E4F}
	EndGlobalSection
	GlobalSection(ExtensibilityGlobals) = postSolution
		SolutionGuid = {72F83F3C-9A63-45B4-ABEC-0F6B824CC3CE}
	EndGlobalSection
EndGlobal
